
Microsoft Visual Studio Solution File, Format Version 12.00
# Visual Studio Version 16
VisualStudioVersion = 16.0.29411.108
MinimumVisualStudioVersion = 10.0.40219.1
Project("{FAE04EC0-301F-11D3-BF4B-00C04F79EFBC}") = "PortalDeNoticias", "PortalDeNoticias\PortalDeNoticias.csproj", "{7468F735-210D-4D39-AF6B-B6EF096060E6}"
EndProject
Global
	GlobalSection(SolutionConfigurationPlatforms) = preSolution
		Debug|Any CPU = Debug|Any CPU
		Release|Any CPU = Release|Any CPU
	EndGlobalSection
	GlobalSection(ProjectConfigurationPlatforms) = postSolution
		{7468F735-210D-4D39-AF6B-B6EF096060E6}.Debug|Any CPU.ActiveCfg = Debug|Any CPU
		{7468F735-210D-4D39-AF6B-B6EF096060E6}.Debug|Any CPU.Build.0 = Debug|Any CPU
		{7468F735-210D-4D39-AF6B-B6EF096060E6}.Release|Any CPU.ActiveCfg = Release|Any CPU
		{7468F735-210D-4D39-AF6B-B6EF096060E6}.Release|Any CPU.Build.0 = Release|Any CPU
	EndGlobalSection
	GlobalSection(SolutionProperties) = preSolution
		HideSolutionNode = FALSE
	EndGlobalSection
	GlobalSection(ExtensibilityGlobals) = postSolution
		SolutionGuid = {3B04C9B9-ECAF-4F8F-94E6-AE0DFB10DE46}
	EndGlobalSection
EndGlobal
